// !$*UTF8*$!
{
	archiveVersion = 1;
	classes = {
	};
	objectVersion = 56;
	objects = {

/* Begin PBXBuildFile section */
		6570F2202C32866A002E6224 /* AppDelegate.swift in Sources */ = {isa = PBXBuildFile; fileRef = 6570F21F2C32866A002E6224 /* AppDelegate.swift */; };
		6570F2222C32866A002E6224 /* SceneDelegate.swift in Sources */ = {isa = PBXBuildFile; fileRef = 6570F2212C32866A002E6224 /* SceneDelegate.swift */; };
		6570F2242C32866A002E6224 /* LoginViewController.swift in Sources */ = {isa = PBXBuildFile; fileRef = 6570F2232C32866A002E6224 /* LoginViewController.swift */; };
		6570F2292C32866B002E6224 /* Assets.xcassets in Resources */ = {isa = PBXBuildFile; fileRef = 6570F2282C32866B002E6224 /* Assets.xcassets */; };
		6570F22C2C32866B002E6224 /* Base in Resources */ = {isa = PBXBuildFile; fileRef = 6570F22B2C32866B002E6224 /* Base */; };
		6570F2342C3287AA002E6224 /* Preview+UIViewController.swift in Sources */ = {isa = PBXBuildFile; fileRef = 6570F2332C3287AA002E6224 /* Preview+UIViewController.swift */; };
		6570F2372C3288E8002E6224 /* FlexLayout in Frameworks */ = {isa = PBXBuildFile; productRef = 6570F2362C3288E8002E6224 /* FlexLayout */; };
		6570F23A2C3288EF002E6224 /* PinLayout in Frameworks */ = {isa = PBXBuildFile; productRef = 6570F2392C3288EF002E6224 /* PinLayout */; };
		6570F23D2C332388002E6224 /* MainViewController.swift in Sources */ = {isa = PBXBuildFile; fileRef = 6570F23C2C332388002E6224 /* MainViewController.swift */; };
		6570F2402C33DB81002E6224 /* KakaoSDK in Frameworks */ = {isa = PBXBuildFile; productRef = 6570F23F2C33DB81002E6224 /* KakaoSDK */; };
		6570F2422C33DB81002E6224 /* KakaoSDKAuth in Frameworks */ = {isa = PBXBuildFile; productRef = 6570F2412C33DB81002E6224 /* KakaoSDKAuth */; };
		6570F2442C33DB81002E6224 /* KakaoSDKCert in Frameworks */ = {isa = PBXBuildFile; productRef = 6570F2432C33DB81002E6224 /* KakaoSDKCert */; };
		6570F2462C33DB81002E6224 /* KakaoSDKCertCore in Frameworks */ = {isa = PBXBuildFile; productRef = 6570F2452C33DB81002E6224 /* KakaoSDKCertCore */; };
		6570F2482C33DB81002E6224 /* KakaoSDKCommon in Frameworks */ = {isa = PBXBuildFile; productRef = 6570F2472C33DB81002E6224 /* KakaoSDKCommon */; };
		6570F24A2C33DB81002E6224 /* KakaoSDKFriend in Frameworks */ = {isa = PBXBuildFile; productRef = 6570F2492C33DB81002E6224 /* KakaoSDKFriend */; };
		6570F24C2C33DB81002E6224 /* KakaoSDKFriendCore in Frameworks */ = {isa = PBXBuildFile; productRef = 6570F24B2C33DB81002E6224 /* KakaoSDKFriendCore */; };
		6570F24E2C33DB81002E6224 /* KakaoSDKNavi in Frameworks */ = {isa = PBXBuildFile; productRef = 6570F24D2C33DB81002E6224 /* KakaoSDKNavi */; };
		6570F2502C33DB81002E6224 /* KakaoSDKShare in Frameworks */ = {isa = PBXBuildFile; productRef = 6570F24F2C33DB81002E6224 /* KakaoSDKShare */; };
		6570F2522C33DB81002E6224 /* KakaoSDKTalk in Frameworks */ = {isa = PBXBuildFile; productRef = 6570F2512C33DB81002E6224 /* KakaoSDKTalk */; };
		6570F2542C33DB81002E6224 /* KakaoSDKTemplate in Frameworks */ = {isa = PBXBuildFile; productRef = 6570F2532C33DB81002E6224 /* KakaoSDKTemplate */; };
		6570F2562C33DB81002E6224 /* KakaoSDKUser in Frameworks */ = {isa = PBXBuildFile; productRef = 6570F2552C33DB81002E6224 /* KakaoSDKUser */; };
		6570F25A2C33EA0E002E6224 /* KakaoAuthVM.swift in Sources */ = {isa = PBXBuildFile; fileRef = 6570F2592C33EA0D002E6224 /* KakaoAuthVM.swift */; };
		6570F25F2C33F1CA002E6224 /* AppleAutoVM.swift in Sources */ = {isa = PBXBuildFile; fileRef = 6570F25E2C33F1CA002E6224 /* AppleAutoVM.swift */; };
		6570F2642C37E789002E6224 /* NaverAuthVM.swift in Sources */ = {isa = PBXBuildFile; fileRef = 6570F2632C37E789002E6224 /* NaverAuthVM.swift */; };
/* End PBXBuildFile section */

/* Begin PBXFileReference section */
		6570F21C2C32866A002E6224 /* Login.app */ = {isa = PBXFileReference; explicitFileType = wrapper.application; includeInIndex = 0; path = Login.app; sourceTree = BUILT_PRODUCTS_DIR; };
		6570F21F2C32866A002E6224 /* AppDelegate.swift */ = {isa = PBXFileReference; lastKnownFileType = sourcecode.swift; path = AppDelegate.swift; sourceTree = "<group>"; };
		6570F2212C32866A002E6224 /* SceneDelegate.swift */ = {isa = PBXFileReference; lastKnownFileType = sourcecode.swift; path = SceneDelegate.swift; sourceTree = "<group>"; };
		6570F2232C32866A002E6224 /* LoginViewController.swift */ = {isa = PBXFileReference; lastKnownFileType = sourcecode.swift; path = LoginViewController.swift; sourceTree = "<group>"; };
		6570F2282C32866B002E6224 /* Assets.xcassets */ = {isa = PBXFileReference; lastKnownFileType = folder.assetcatalog; path = Assets.xcassets; sourceTree = "<group>"; };
		6570F22B2C32866B002E6224 /* Base */ = {isa = PBXFileReference; lastKnownFileType = file.storyboard; name = Base; path = Base.lproj/LaunchScreen.storyboard; sourceTree = "<group>"; };
		6570F22D2C32866B002E6224 /* Info.plist */ = {isa = PBXFileReference; lastKnownFileType = text.plist.xml; path = Info.plist; sourceTree = "<group>"; };
		6570F2332C3287AA002E6224 /* Preview+UIViewController.swift */ = {isa = PBXFileReference; lastKnownFileType = sourcecode.swift; path = "Preview+UIViewController.swift"; sourceTree = "<group>"; };
		6570F23B2C328919002E6224 /* Login.entitlements */ = {isa = PBXFileReference; lastKnownFileType = text.plist.entitlements; path = Login.entitlements; sourceTree = "<group>"; };
		6570F23C2C332388002E6224 /* MainViewController.swift */ = {isa = PBXFileReference; lastKnownFileType = sourcecode.swift; path = MainViewController.swift; sourceTree = "<group>"; };
		6570F2582C33DCDB002E6224 /* Config.xcconfig */ = {isa = PBXFileReference; lastKnownFileType = text.xcconfig; path = Config.xcconfig; sourceTree = "<group>"; };
		6570F2592C33EA0D002E6224 /* KakaoAuthVM.swift */ = {isa = PBXFileReference; lastKnownFileType = sourcecode.swift; path = KakaoAuthVM.swift; sourceTree = "<group>"; };
		6570F25E2C33F1CA002E6224 /* AppleAutoVM.swift */ = {isa = PBXFileReference; lastKnownFileType = sourcecode.swift; path = AppleAutoVM.swift; sourceTree = "<group>"; };
		6570F2632C37E789002E6224 /* NaverAuthVM.swift */ = {isa = PBXFileReference; lastKnownFileType = sourcecode.swift; path = NaverAuthVM.swift; sourceTree = "<group>"; };
/* End PBXFileReference section */

/* Begin PBXFrameworksBuildPhase section */
		6570F2192C32866A002E6224 /* Frameworks */ = {
			isa = PBXFrameworksBuildPhase;
			buildActionMask = 2147483647;
			files = (
				6570F23A2C3288EF002E6224 /* PinLayout in Frameworks */,
				6570F2482C33DB81002E6224 /* KakaoSDKCommon in Frameworks */,
				6570F24C2C33DB81002E6224 /* KakaoSDKFriendCore in Frameworks */,
				6570F2372C3288E8002E6224 /* FlexLayout in Frameworks */,
				6570F2462C33DB81002E6224 /* KakaoSDKCertCore in Frameworks */,
				6570F2502C33DB81002E6224 /* KakaoSDKShare in Frameworks */,
				6570F2402C33DB81002E6224 /* KakaoSDK in Frameworks */,
				6570F2422C33DB81002E6224 /* KakaoSDKAuth in Frameworks */,
				6570F24E2C33DB81002E6224 /* KakaoSDKNavi in Frameworks */,
				6570F2522C33DB81002E6224 /* KakaoSDKTalk in Frameworks */,
				6570F2562C33DB81002E6224 /* KakaoSDKUser in Frameworks */,
				6570F2442C33DB81002E6224 /* KakaoSDKCert in Frameworks */,
				6570F2542C33DB81002E6224 /* KakaoSDKTemplate in Frameworks */,
				6570F24A2C33DB81002E6224 /* KakaoSDKFriend in Frameworks */,
			);
			runOnlyForDeploymentPostprocessing = 0;
		};
/* End PBXFrameworksBuildPhase section */

/* Begin PBXGroup section */
		6570F2132C32866A002E6224 = {
			isa = PBXGroup;
			children = (
				6570F21E2C32866A002E6224 /* Login */,
				6570F21D2C32866A002E6224 /* Products */,
			);
			sourceTree = "<group>";
		};
		6570F21D2C32866A002E6224 /* Products */ = {
			isa = PBXGroup;
			children = (
				6570F21C2C32866A002E6224 /* Login.app */,
			);
			name = Products;
			sourceTree = "<group>";
		};
		6570F21E2C32866A002E6224 /* Login */ = {
			isa = PBXGroup;
			children = (
				6570F23B2C328919002E6224 /* Login.entitlements */,
				6570F21F2C32866A002E6224 /* AppDelegate.swift */,
				6570F2212C32866A002E6224 /* SceneDelegate.swift */,
				6570F25C2C33EA3C002E6224 /* Views */,
				6570F25B2C33EA39002E6224 /* ViewModels */,
				6570F25D2C33EA6A002E6224 /* Helper */,
				6570F2282C32866B002E6224 /* Assets.xcassets */,
				6570F22A2C32866B002E6224 /* LaunchScreen.storyboard */,
				6570F22D2C32866B002E6224 /* Info.plist */,
				6570F2582C33DCDB002E6224 /* Config.xcconfig */,
			);
			path = Login;
			sourceTree = "<group>";
		};
		6570F25B2C33EA39002E6224 /* ViewModels */ = {
			isa = PBXGroup;
			children = (
				6570F2592C33EA0D002E6224 /* KakaoAuthVM.swift */,
				6570F25E2C33F1CA002E6224 /* AppleAutoVM.swift */,
				6570F2632C37E789002E6224 /* NaverAuthVM.swift */,
			);
			path = ViewModels;
			sourceTree = "<group>";
		};
		6570F25C2C33EA3C002E6224 /* Views */ = {
			isa = PBXGroup;
			children = (
				6570F2232C32866A002E6224 /* LoginViewController.swift */,
				6570F23C2C332388002E6224 /* MainViewController.swift */,
			);
			path = Views;
			sourceTree = "<group>";
		};
		6570F25D2C33EA6A002E6224 /* Helper */ = {
			isa = PBXGroup;
			children = (
				6570F2332C3287AA002E6224 /* Preview+UIViewController.swift */,
			);
			path = Helper;
			sourceTree = "<group>";
		};
/* End PBXGroup section */

/* Begin PBXNativeTarget section */
		6570F21B2C32866A002E6224 /* Login */ = {
			isa = PBXNativeTarget;
			buildConfigurationList = 6570F2302C32866B002E6224 /* Build configuration list for PBXNativeTarget "Login" */;
			buildPhases = (
				6570F2182C32866A002E6224 /* Sources */,
				6570F2192C32866A002E6224 /* Frameworks */,
				6570F21A2C32866A002E6224 /* Resources */,
			);
			buildRules = (
			);
			dependencies = (
			);
			name = Login;
			packageProductDependencies = (
				6570F2362C3288E8002E6224 /* FlexLayout */,
				6570F2392C3288EF002E6224 /* PinLayout */,
				6570F23F2C33DB81002E6224 /* KakaoSDK */,
				6570F2412C33DB81002E6224 /* KakaoSDKAuth */,
				6570F2432C33DB81002E6224 /* KakaoSDKCert */,
				6570F2452C33DB81002E6224 /* KakaoSDKCertCore */,
				6570F2472C33DB81002E6224 /* KakaoSDKCommon */,
				6570F2492C33DB81002E6224 /* KakaoSDKFriend */,
				6570F24B2C33DB81002E6224 /* KakaoSDKFriendCore */,
				6570F24D2C33DB81002E6224 /* KakaoSDKNavi */,
				6570F24F2C33DB81002E6224 /* KakaoSDKShare */,
				6570F2512C33DB81002E6224 /* KakaoSDKTalk */,
				6570F2532C33DB81002E6224 /* KakaoSDKTemplate */,
				6570F2552C33DB81002E6224 /* KakaoSDKUser */,
			);
			productName = Login;
			productReference = 6570F21C2C32866A002E6224 /* Login.app */;
			productType = "com.apple.product-type.application";
		};
/* End PBXNativeTarget section */

/* Begin PBXProject section */
		6570F2142C32866A002E6224 /* Project object */ = {
			isa = PBXProject;
			attributes = {
				BuildIndependentTargetsInParallel = 1;
				LastSwiftUpdateCheck = 1540;
				LastUpgradeCheck = 1540;
				TargetAttributes = {
					6570F21B2C32866A002E6224 = {
						CreatedOnToolsVersion = 15.4;
					};
				};
			};
			buildConfigurationList = 6570F2172C32866A002E6224 /* Build configuration list for PBXProject "Login" */;
			compatibilityVersion = "Xcode 14.0";
			developmentRegion = en;
			hasScannedForEncodings = 0;
			knownRegions = (
				en,
				Base,
			);
			mainGroup = 6570F2132C32866A002E6224;
			packageReferences = (
				6570F2352C3288E8002E6224 /* XCRemoteSwiftPackageReference "FlexLayout" */,
				6570F2382C3288EF002E6224 /* XCRemoteSwiftPackageReference "PinLayout" */,
				6570F23E2C33DB81002E6224 /* XCRemoteSwiftPackageReference "kakao-ios-sdk" */,
			);
			productRefGroup = 6570F21D2C32866A002E6224 /* Products */;
			projectDirPath = "";
			projectRoot = "";
			targets = (
				6570F21B2C32866A002E6224 /* Login */,
			);
		};
/* End PBXProject section */

/* Begin PBXResourcesBuildPhase section */
		6570F21A2C32866A002E6224 /* Resources */ = {
			isa = PBXResourcesBuildPhase;
			buildActionMask = 2147483647;
			files = (
				6570F2292C32866B002E6224 /* Assets.xcassets in Resources */,
				6570F22C2C32866B002E6224 /* Base in Resources */,
			);
			runOnlyForDeploymentPostprocessing = 0;
		};
/* End PBXResourcesBuildPhase section */

/* Begin PBXSourcesBuildPhase section */
		6570F2182C32866A002E6224 /* Sources */ = {
			isa = PBXSourcesBuildPhase;
			buildActionMask = 2147483647;
			files = (
				6570F2242C32866A002E6224 /* LoginViewController.swift in Sources */,
				6570F2202C32866A002E6224 /* AppDelegate.swift in Sources */,
				6570F2342C3287AA002E6224 /* Preview+UIViewController.swift in Sources */,
				6570F2222C32866A002E6224 /* SceneDelegate.swift in Sources */,
				6570F25A2C33EA0E002E6224 /* KakaoAuthVM.swift in Sources */,
				6570F2642C37E789002E6224 /* NaverAuthVM.swift in Sources */,
				6570F23D2C332388002E6224 /* MainViewController.swift in Sources */,
				6570F25F2C33F1CA002E6224 /* AppleAutoVM.swift in Sources */,
			);
			runOnlyForDeploymentPostprocessing = 0;
		};
/* End PBXSourcesBuildPhase section */

/* Begin PBXVariantGroup section */
		6570F22A2C32866B002E6224 /* LaunchScreen.storyboard */ = {
			isa = PBXVariantGroup;
			children = (
				6570F22B2C32866B002E6224 /* Base */,
			);
			name = LaunchScreen.storyboard;
			sourceTree = "<group>";
		};
/* End PBXVariantGroup section */

/* Begin XCBuildConfiguration section */
		6570F22E2C32866B002E6224 /* Debug */ = {
			isa = XCBuildConfiguration;
			baseConfigurationReference = 6570F2582C33DCDB002E6224 /* Config.xcconfig */;
			buildSettings = {
				ALWAYS_SEARCH_USER_PATHS = NO;
				ASSETCATALOG_COMPILER_GENERATE_SWIFT_ASSET_SYMBOL_EXTENSIONS = YES;
				CLANG_ANALYZER_NONNULL = YES;
				CLANG_ANALYZER_NUMBER_OBJECT_CONVERSION = YES_AGGRESSIVE;
				CLANG_CXX_LANGUAGE_STANDARD = "gnu++20";
				CLANG_ENABLE_MODULES = YES;
				CLANG_ENABLE_OBJC_ARC = YES;
				CLANG_ENABLE_OBJC_WEAK = YES;
				CLANG_WARN_BLOCK_CAPTURE_AUTORELEASING = YES;
				CLANG_WARN_BOOL_CONVERSION = YES;
				CLANG_WARN_COMMA = YES;
				CLANG_WARN_CONSTANT_CONVERSION = YES;
				CLANG_WARN_DEPRECATED_OBJC_IMPLEMENTATIONS = YES;
				CLANG_WARN_DIRECT_OBJC_ISA_USAGE = YES_ERROR;
				CLANG_WARN_DOCUMENTATION_COMMENTS = YES;
				CLANG_WARN_EMPTY_BODY = YES;
				CLANG_WARN_ENUM_CONVERSION = YES;
				CLANG_WARN_INFINITE_RECURSION = YES;
				CLANG_WARN_INT_CONVERSION = YES;
				CLANG_WARN_NON_LITERAL_NULL_CONVERSION = YES;
				CLANG_WARN_OBJC_IMPLICIT_RETAIN_SELF = YES;
				CLANG_WARN_OBJC_LITERAL_CONVERSION = YES;
				CLANG_WARN_OBJC_ROOT_CLASS = YES_ERROR;
				CLANG_WARN_QUOTED_INCLUDE_IN_FRAMEWORK_HEADER = YES;
				CLANG_WARN_RANGE_LOOP_ANALYSIS = YES;
				CLANG_WARN_STRICT_PROTOTYPES = YES;
				CLANG_WARN_SUSPICIOUS_MOVE = YES;
				CLANG_WARN_UNGUARDED_AVAILABILITY = YES_AGGRESSIVE;
				CLANG_WARN_UNREACHABLE_CODE = YES;
				CLANG_WARN__DUPLICATE_METHOD_MATCH = YES;
				COPY_PHASE_STRIP = NO;
				DEBUG_INFORMATION_FORMAT = dwarf;
				ENABLE_STRICT_OBJC_MSGSEND = YES;
				ENABLE_TESTABILITY = YES;
				ENABLE_USER_SCRIPT_SANDBOXING = YES;
				GCC_C_LANGUAGE_STANDARD = gnu17;
				GCC_DYNAMIC_NO_PIC = NO;
				GCC_NO_COMMON_BLOCKS = YES;
				GCC_OPTIMIZATION_LEVEL = 0;
				GCC_PREPROCESSOR_DEFINITIONS = (
					"DEBUG=1",
					"$(inherited)",
				);
				GCC_WARN_64_TO_32_BIT_CONVERSION = YES;
				GCC_WARN_ABOUT_RETURN_TYPE = YES_ERROR;
				GCC_WARN_UNDECLARED_SELECTOR = YES;
				GCC_WARN_UNINITIALIZED_AUTOS = YES_AGGRESSIVE;
				GCC_WARN_UNUSED_FUNCTION = YES;
				GCC_WARN_UNUSED_VARIABLE = YES;
				IPHONEOS_DEPLOYMENT_TARGET = 17.0;
				LOCALIZATION_PREFERS_STRING_CATALOGS = YES;
				MTL_ENABLE_DEBUG_INFO = INCLUDE_SOURCE;
				MTL_FAST_MATH = YES;
				ONLY_ACTIVE_ARCH = YES;
				SDKROOT = iphoneos;
				SWIFT_ACTIVE_COMPILATION_CONDITIONS = "DEBUG $(inherited)";
				SWIFT_OPTIMIZATION_LEVEL = "-Onone";
			};
			name = Debug;
		};
		6570F22F2C32866B002E6224 /* Release */ = {
			isa = XCBuildConfiguration;
			baseConfigurationReference = 6570F2582C33DCDB002E6224 /* Config.xcconfig */;
			buildSettings = {
				ALWAYS_SEARCH_USER_PATHS = NO;
				ASSETCATALOG_COMPILER_GENERATE_SWIFT_ASSET_SYMBOL_EXTENSIONS = YES;
				CLANG_ANALYZER_NONNULL = YES;
				CLANG_ANALYZER_NUMBER_OBJECT_CONVERSION = YES_AGGRESSIVE;
				CLANG_CXX_LANGUAGE_STANDARD = "gnu++20";
				CLANG_ENABLE_MODULES = YES;
				CLANG_ENABLE_OBJC_ARC = YES;
				CLANG_ENABLE_OBJC_WEAK = YES;
				CLANG_WARN_BLOCK_CAPTURE_AUTORELEASING = YES;
				CLANG_WARN_BOOL_CONVERSION = YES;
				CLANG_WARN_COMMA = YES;
				CLANG_WARN_CONSTANT_CONVERSION = YES;
				CLANG_WARN_DEPRECATED_OBJC_IMPLEMENTATIONS = YES;
				CLANG_WARN_DIRECT_OBJC_ISA_USAGE = YES_ERROR;
				CLANG_WARN_DOCUMENTATION_COMMENTS = YES;
				CLANG_WARN_EMPTY_BODY = YES;
				CLANG_WARN_ENUM_CONVERSION = YES;
				CLANG_WARN_INFINITE_RECURSION = YES;
				CLANG_WARN_INT_CONVERSION = YES;
				CLANG_WARN_NON_LITERAL_NULL_CONVERSION = YES;
				CLANG_WARN_OBJC_IMPLICIT_RETAIN_SELF = YES;
				CLANG_WARN_OBJC_LITERAL_CONVERSION = YES;
				CLANG_WARN_OBJC_ROOT_CLASS = YES_ERROR;
				CLANG_WARN_QUOTED_INCLUDE_IN_FRAMEWORK_HEADER = YES;
				CLANG_WARN_RANGE_LOOP_ANALYSIS = YES;
				CLANG_WARN_STRICT_PROTOTYPES = YES;
				CLANG_WARN_SUSPICIOUS_MOVE = YES;
				CLANG_WARN_UNGUARDED_AVAILABILITY = YES_AGGRESSIVE;
				CLANG_WARN_UNREACHABLE_CODE = YES;
				CLANG_WARN__DUPLICATE_METHOD_MATCH = YES;
				COPY_PHASE_STRIP = NO;
				DEBUG_INFORMATION_FORMAT = "dwarf-with-dsym";
				ENABLE_NS_ASSERTIONS = NO;
				ENABLE_STRICT_OBJC_MSGSEND = YES;
				ENABLE_USER_SCRIPT_SANDBOXING = YES;
				GCC_C_LANGUAGE_STANDARD = gnu17;
				GCC_NO_COMMON_BLOCKS = YES;
				GCC_WARN_64_TO_32_BIT_CONVERSION = YES;
				GCC_WARN_ABOUT_RETURN_TYPE = YES_ERROR;
				GCC_WARN_UNDECLARED_SELECTOR = YES;
				GCC_WARN_UNINITIALIZED_AUTOS = YES_AGGRESSIVE;
				GCC_WARN_UNUSED_FUNCTION = YES;
				GCC_WARN_UNUSED_VARIABLE = YES;
				IPHONEOS_DEPLOYMENT_TARGET = 17.0;
				LOCALIZATION_PREFERS_STRING_CATALOGS = YES;
				MTL_ENABLE_DEBUG_INFO = NO;
				MTL_FAST_MATH = YES;
				SDKROOT = iphoneos;
				SWIFT_COMPILATION_MODE = wholemodule;
				VALIDATE_PRODUCT = YES;
			};
			name = Release;
		};
		6570F2312C32866B002E6224 /* Debug */ = {
			isa = XCBuildConfiguration;
			baseConfigurationReference = 6570F2582C33DCDB002E6224 /* Config.xcconfig */;
			buildSettings = {
				ASSETCATALOG_COMPILER_APPICON_NAME = AppIcon;
				ASSETCATALOG_COMPILER_GLOBAL_ACCENT_COLOR_NAME = AccentColor;
				CODE_SIGN_ENTITLEMENTS = Login/Login.entitlements;
				CODE_SIGN_STYLE = Automatic;
				CURRENT_PROJECT_VERSION = 1;
				DEVELOPMENT_TEAM = ZG488AACV6;
				GENERATE_INFOPLIST_FILE = YES;
				INFOPLIST_FILE = Login/Info.plist;
				INFOPLIST_KEY_UIApplicationSupportsIndirectInputEvents = YES;
				INFOPLIST_KEY_UILaunchStoryboardName = LaunchScreen;
				INFOPLIST_KEY_UISupportedInterfaceOrientations_iPad = "UIInterfaceOrientationPortrait UIInterfaceOrientationPortraitUpsideDown UIInterfaceOrientationLandscapeLeft UIInterfaceOrientationLandscapeRight";
				INFOPLIST_KEY_UISupportedInterfaceOrientations_iPhone = "UIInterfaceOrientationPortrait UIInterfaceOrientationLandscapeLeft UIInterfaceOrientationLandscapeRight";
				LD_RUNPATH_SEARCH_PATHS = (
					"$(inherited)",
					"@executable_path/Frameworks",
				);
				MARKETING_VERSION = 1.0;
				PRODUCT_BUNDLE_IDENTIFIER = com.github.DanielY1108.Login;
				PRODUCT_NAME = "$(TARGET_NAME)";
				SWIFT_EMIT_LOC_STRINGS = YES;
				SWIFT_VERSION = 5.0;
				TARGETED_DEVICE_FAMILY = "1,2";
			};
			name = Debug;
		};
		6570F2322C32866B002E6224 /* Release */ = {
			isa = XCBuildConfiguration;
			baseConfigurationReference = 6570F2582C33DCDB002E6224 /* Config.xcconfig */;
			buildSettings = {
				ASSETCATALOG_COMPILER_APPICON_NAME = AppIcon;
				ASSETCATALOG_COMPILER_GLOBAL_ACCENT_COLOR_NAME = AccentColor;
				CODE_SIGN_ENTITLEMENTS = Login/Login.entitlements;
				CODE_SIGN_STYLE = Automatic;
				CURRENT_PROJECT_VERSION = 1;
				DEVELOPMENT_TEAM = ZG488AACV6;
				GENERATE_INFOPLIST_FILE = YES;
				INFOPLIST_FILE = Login/Info.plist;
				INFOPLIST_KEY_UIApplicationSupportsIndirectInputEvents = YES;
				INFOPLIST_KEY_UILaunchStoryboardName = LaunchScreen;
				INFOPLIST_KEY_UISupportedInterfaceOrientations_iPad = "UIInterfaceOrientationPortrait UIInterfaceOrientationPortraitUpsideDown UIInterfaceOrientationLandscapeLeft UIInterfaceOrientationLandscapeRight";
				INFOPLIST_KEY_UISupportedInterfaceOrientations_iPhone = "UIInterfaceOrientationPortrait UIInterfaceOrientationLandscapeLeft UIInterfaceOrientationLandscapeRight";
				LD_RUNPATH_SEARCH_PATHS = (
					"$(inherited)",
					"@executable_path/Frameworks",
				);
				MARKETING_VERSION = 1.0;
				PRODUCT_BUNDLE_IDENTIFIER = com.github.DanielY1108.Login;
				PRODUCT_NAME = "$(TARGET_NAME)";
				SWIFT_EMIT_LOC_STRINGS = YES;
				SWIFT_VERSION = 5.0;
				TARGETED_DEVICE_FAMILY = "1,2";
			};
			name = Release;
		};
/* End XCBuildConfiguration section */

/* Begin XCConfigurationList section */
		6570F2172C32866A002E6224 /* Build configuration list for PBXProject "Login" */ = {
			isa = XCConfigurationList;
			buildConfigurations = (
				6570F22E2C32866B002E6224 /* Debug */,
				6570F22F2C32866B002E6224 /* Release */,
			);
			defaultConfigurationIsVisible = 0;
			defaultConfigurationName = Release;
		};
		6570F2302C32866B002E6224 /* Build configuration list for PBXNativeTarget "Login" */ = {
			isa = XCConfigurationList;
			buildConfigurations = (
				6570F2312C32866B002E6224 /* Debug */,
				6570F2322C32866B002E6224 /* Release */,
			);
			defaultConfigurationIsVisible = 0;
			defaultConfigurationName = Release;
		};
/* End XCConfigurationList section */

/* Begin XCRemoteSwiftPackageReference section */
		6570F2352C3288E8002E6224 /* XCRemoteSwiftPackageReference "FlexLayout" */ = {
			isa = XCRemoteSwiftPackageReference;
			repositoryURL = "https://github.com/layoutBox/FlexLayout.git";
			requirement = {
				kind = upToNextMajorVersion;
				minimumVersion = 2.0.10;
			};
		};
		6570F2382C3288EF002E6224 /* XCRemoteSwiftPackageReference "PinLayout" */ = {
			isa = XCRemoteSwiftPackageReference;
			repositoryURL = "https://github.com/layoutBox/PinLayout";
			requirement = {
				kind = upToNextMajorVersion;
				minimumVersion = 1.10.5;
			};
		};
		6570F23E2C33DB81002E6224 /* XCRemoteSwiftPackageReference "kakao-ios-sdk" */ = {
			isa = XCRemoteSwiftPackageReference;
			repositoryURL = "https://github.com/kakao/kakao-ios-sdk";
			requirement = {
				kind = upToNextMajorVersion;
				minimumVersion = 2.22.3;
			};
		};
/* End XCRemoteSwiftPackageReference section */

/* Begin XCSwiftPackageProductDependency section */
		6570F2362C3288E8002E6224 /* FlexLayout */ = {
			isa = XCSwiftPackageProductDependency;
			package = 6570F2352C3288E8002E6224 /* XCRemoteSwiftPackageReference "FlexLayout" */;
			productName = FlexLayout;
		};
		6570F2392C3288EF002E6224 /* PinLayout */ = {
			isa = XCSwiftPackageProductDependency;
			package = 6570F2382C3288EF002E6224 /* XCRemoteSwiftPackageReference "PinLayout" */;
			productName = PinLayout;
		};
		6570F23F2C33DB81002E6224 /* KakaoSDK */ = {
			isa = XCSwiftPackageProductDependency;
			package = 6570F23E2C33DB81002E6224 /* XCRemoteSwiftPackageReference "kakao-ios-sdk" */;
			productName = KakaoSDK;
		};
		6570F2412C33DB81002E6224 /* KakaoSDKAuth */ = {
			isa = XCSwiftPackageProductDependency;
			package = 6570F23E2C33DB81002E6224 /* XCRemoteSwiftPackageReference "kakao-ios-sdk" */;
			productName = KakaoSDKAuth;
		};
		6570F2432C33DB81002E6224 /* KakaoSDKCert */ = {
			isa = XCSwiftPackageProductDependency;
			package = 6570F23E2C33DB81002E6224 /* XCRemoteSwiftPackageReference "kakao-ios-sdk" */;
			productName = KakaoSDKCert;
		};
		6570F2452C33DB81002E6224 /* KakaoSDKCertCore */ = {
			isa = XCSwiftPackageProductDependency;
			package = 6570F23E2C33DB81002E6224 /* XCRemoteSwiftPackageReference "kakao-ios-sdk" */;
			productName = KakaoSDKCertCore;
		};
		6570F2472C33DB81002E6224 /* KakaoSDKCommon */ = {
			isa = XCSwiftPackageProductDependency;
			package = 6570F23E2C33DB81002E6224 /* XCRemoteSwiftPackageReference "kakao-ios-sdk" */;
			productName = KakaoSDKCommon;
		};
		6570F2492C33DB81002E6224 /* KakaoSDKFriend */ = {
			isa = XCSwiftPackageProductDependency;
			package = 6570F23E2C33DB81002E6224 /* XCRemoteSwiftPackageReference "kakao-ios-sdk" */;
			productName = KakaoSDKFriend;
		};
		6570F24B2C33DB81002E6224 /* KakaoSDKFriendCore */ = {
			isa = XCSwiftPackageProductDependency;
			package = 6570F23E2C33DB81002E6224 /* XCRemoteSwiftPackageReference "kakao-ios-sdk" */;
			productName = KakaoSDKFriendCore;
		};
		6570F24D2C33DB81002E6224 /* KakaoSDKNavi */ = {
			isa = XCSwiftPackageProductDependency;
			package = 6570F23E2C33DB81002E6224 /* XCRemoteSwiftPackageReference "kakao-ios-sdk" */;
			productName = KakaoSDKNavi;
		};
		6570F24F2C33DB81002E6224 /* KakaoSDKShare */ = {
			isa = XCSwiftPackageProductDependency;
			package = 6570F23E2C33DB81002E6224 /* XCRemoteSwiftPackageReference "kakao-ios-sdk" */;
			productName = KakaoSDKShare;
		};
		6570F2512C33DB81002E6224 /* KakaoSDKTalk */ = {
			isa = XCSwiftPackageProductDependency;
			package = 6570F23E2C33DB81002E6224 /* XCRemoteSwiftPackageReference "kakao-ios-sdk" */;
			productName = KakaoSDKTalk;
		};
		6570F2532C33DB81002E6224 /* KakaoSDKTemplate */ = {
			isa = XCSwiftPackageProductDependency;
			package = 6570F23E2C33DB81002E6224 /* XCRemoteSwiftPackageReference "kakao-ios-sdk" */;
			productName = KakaoSDKTemplate;
		};
		6570F2552C33DB81002E6224 /* KakaoSDKUser */ = {
			isa = XCSwiftPackageProductDependency;
			package = 6570F23E2C33DB81002E6224 /* XCRemoteSwiftPackageReference "kakao-ios-sdk" */;
			productName = KakaoSDKUser;
		};
/* End XCSwiftPackageProductDependency section */
	};
	rootObject = 6570F2142C32866A002E6224 /* Project object */;
}
